
Microsoft Visual Studio Solution File, Format Version 12.00
# Visual Studio Version 17
VisualStudioVersion = 17.7.34003.232
MinimumVisualStudioVersion = 10.0.40219.1
Project("{9A19103F-16F7-4668-BE54-9A1E7A4F7556}") = "MyDailyPlan.DAL", "MyDailyPlan.DAL\MyDailyPlan.DAL.csproj", "{63584651-3C1E-4D16-B40F-93CF139165B8}"
EndProject
Project("{9A19103F-16F7-4668-BE54-9A1E7A4F7556}") = "MyDailyPlan.Domain", "MyDailyPlan.Domain\MyDailyPlan.Domain.csproj", "{0C6E4305-12A9-40B7-AE3A-F2EB652B9D83}"
EndProject
Project("{9A19103F-16F7-4668-BE54-9A1E7A4F7556}") = "MyDailyPlan.Service", "MyDailyPlan.Service4\MyDailyPlan.Service.csproj", "{BF28F390-555A-4458-AF0E-CCBC9393F387}"
EndProject
Project("{9A19103F-16F7-4668-BE54-9A1E7A4F7556}") = "MyDailyPlan.WebApi", "MyDailyPlan.WebApi\MyDailyPlan.WebApi.csproj", "{C6D21CF7-3F8C-49EC-A6F9-D8C16CDEBE8C}"
EndProject
Project("{9A19103F-16F7-4668-BE54-9A1E7A4F7556}") = "MyDailyPlan.mvc", "MyDailyPlan.mvc\MyDailyPlan.mvc.csproj", "{03B745E6-7198-407F-A1CB-8A8D93B3616E}"
EndProject
Global
	GlobalSection(SolutionConfigurationPlatforms) = preSolution
		Debug|Any CPU = Debug|Any CPU
		Release|Any CPU = Release|Any CPU
	EndGlobalSection
	GlobalSection(ProjectConfigurationPlatforms) = postSolution
		{63584651-3C1E-4D16-B40F-93CF139165B8}.Debug|Any CPU.ActiveCfg = Debug|Any CPU
		{63584651-3C1E-4D16-B40F-93CF139165B8}.Debug|Any CPU.Build.0 = Debug|Any CPU
		{63584651-3C1E-4D16-B40F-93CF139165B8}.Release|Any CPU.ActiveCfg = Release|Any CPU
		{63584651-3C1E-4D16-B40F-93CF139165B8}.Release|Any CPU.Build.0 = Release|Any CPU
		{0C6E4305-12A9-40B7-AE3A-F2EB652B9D83}.Debug|Any CPU.ActiveCfg = Debug|Any CPU
		{0C6E4305-12A9-40B7-AE3A-F2EB652B9D83}.Debug|Any CPU.Build.0 = Debug|Any CPU
		{0C6E4305-12A9-40B7-AE3A-F2EB652B9D83}.Release|Any CPU.ActiveCfg = Release|Any CPU
		{0C6E4305-12A9-40B7-AE3A-F2EB652B9D83}.Release|Any CPU.Build.0 = Release|Any CPU
		{BF28F390-555A-4458-AF0E-CCBC9393F387}.Debug|Any CPU.ActiveCfg = Debug|Any CPU
		{BF28F390-555A-4458-AF0E-CCBC9393F387}.Debug|Any CPU.Build.0 = Debug|Any CPU
		{BF28F390-555A-4458-AF0E-CCBC9393F387}.Release|Any CPU.ActiveCfg = Release|Any CPU
		{BF28F390-555A-4458-AF0E-CCBC9393F387}.Release|Any CPU.Build.0 = Release|Any CPU
		{C6D21CF7-3F8C-49EC-A6F9-D8C16CDEBE8C}.Debug|Any CPU.ActiveCfg = Debug|Any CPU
		{C6D21CF7-3F8C-49EC-A6F9-D8C16CDEBE8C}.Debug|Any CPU.Build.0 = Debug|Any CPU
		{C6D21CF7-3F8C-49EC-A6F9-D8C16CDEBE8C}.Release|Any CPU.ActiveCfg = Release|Any CPU
		{C6D21CF7-3F8C-49EC-A6F9-D8C16CDEBE8C}.Release|Any CPU.Build.0 = Release|Any CPU
		{03B745E6-7198-407F-A1CB-8A8D93B3616E}.Debug|Any CPU.ActiveCfg = Debug|Any CPU
		{03B745E6-7198-407F-A1CB-8A8D93B3616E}.Debug|Any CPU.Build.0 = Debug|Any CPU
		{03B745E6-7198-407F-A1CB-8A8D93B3616E}.Release|Any CPU.ActiveCfg = Release|Any CPU
		{03B745E6-7198-407F-A1CB-8A8D93B3616E}.Release|Any CPU.Build.0 = Release|Any CPU
	EndGlobalSection
	GlobalSection(SolutionProperties) = preSolution
		HideSolutionNode = FALSE
	EndGlobalSection
	GlobalSection(ExtensibilityGlobals) = postSolution
		SolutionGuid = {D48D50A6-C766-4B9D-A1F9-DC196117DC4E}
	EndGlobalSection
EndGlobal
